
Microsoft Visual Studio Solution File, Format Version 12.00
# Visual Studio Version 16
VisualStudioVersion = 16.0.31605.320
MinimumVisualStudioVersion = 10.0.40219.1
Project("{888888A0-9F3D-457C-B088-3A5042F75D52}") = "EX07", "EX07\EX07.pyproj", "{7BCC1F41-A874-45C7-91A7-640F6B8FDFB6}"
EndProject
Global
	GlobalSection(SolutionConfigurationPlatforms) = preSolution
		Debug|Any CPU = Debug|Any CPU
		Release|Any CPU = Release|Any CPU
	EndGlobalSection
	GlobalSection(ProjectConfigurationPlatforms) = postSolution
		{7BCC1F41-A874-45C7-91A7-640F6B8FDFB6}.Debug|Any CPU.ActiveCfg = Debug|Any CPU
		{7BCC1F41-A874-45C7-91A7-640F6B8FDFB6}.Release|Any CPU.ActiveCfg = Release|Any CPU
	EndGlobalSection
	GlobalSection(SolutionProperties) = preSolution
		HideSolutionNode = FALSE
	EndGlobalSection
	GlobalSection(ExtensibilityGlobals) = postSolution
		SolutionGuid = {61ECF8BD-8508-4B99-9BD0-B25D77C13727}
	EndGlobalSection
EndGlobal
