
Microsoft Visual Studio Solution File, Format Version 12.00
# Visual Studio Version 16
VisualStudioVersion = 16.0.31605.320
MinimumVisualStudioVersion = 10.0.40219.1
Project("{888888A0-9F3D-457C-B088-3A5042F75D52}") = "EX03", "EX03\EX03.pyproj", "{8E314DE8-5EEC-43DB-8476-2A06556D3D51}"
EndProject
Global
	GlobalSection(SolutionConfigurationPlatforms) = preSolution
		Debug|Any CPU = Debug|Any CPU
		Release|Any CPU = Release|Any CPU
	EndGlobalSection
	GlobalSection(ProjectConfigurationPlatforms) = postSolution
		{8E314DE8-5EEC-43DB-8476-2A06556D3D51}.Debug|Any CPU.ActiveCfg = Debug|Any CPU
		{8E314DE8-5EEC-43DB-8476-2A06556D3D51}.Release|Any CPU.ActiveCfg = Release|Any CPU
	EndGlobalSection
	GlobalSection(SolutionProperties) = preSolution
		HideSolutionNode = FALSE
	EndGlobalSection
	GlobalSection(ExtensibilityGlobals) = postSolution
		SolutionGuid = {161EA721-B6FD-4CAB-A763-F6DBE4FEDB0A}
	EndGlobalSection
EndGlobal
